{
  "version": 4,
  "terraform_version": "1.0.10",
  "serial": 3,
  "lineage": "8dda832b-1cdb-a4d0-a154-366dc2aa7d3d",
  "outputs": {},
  "resources": [
    {
      "mode": "managed",
      "type": "google_compute_firewall",
      "name": "kubernetes-nodeports",
      "provider": "provider[\"registry.terraform.io/hashicorp/google\"]",
      "instances": [
        {
          "schema_version": 1,
          "attributes": {
            "allow": [
              {
                "ports": [
                  "30000-32767"
                ],
                "protocol": "tcp"
              }
            ],
            "creation_timestamp": "2021-11-05T09:41:07.894-07:00",
            "deny": [],
            "description": "",
            "destination_ranges": [],
            "direction": "INGRESS",
            "disabled": false,
            "enable_logging": null,
            "id": "projects/docker-330414/global/firewalls/kubernetes-nodeports",
            "log_config": [],
            "name": "kubernetes-nodeports",
            "network": "https://www.googleapis.com/compute/v1/projects/docker-330414/global/networks/default",
            "priority": 1000,
            "project": "docker-330414",
            "self_link": "https://www.googleapis.com/compute/v1/projects/docker-330414/global/firewalls/kubernetes-nodeports",
            "source_ranges": [
              "0.0.0.0/0"
            ],
            "source_service_accounts": null,
            "source_tags": null,
            "target_service_accounts": null,
            "target_tags": [
              "reddit-app"
            ],
            "timeouts": null
          },
          "sensitive_attributes": [],
          "private": "eyJlMmJmYjczMC1lY2FhLTExZTYtOGY4OC0zNDM2M2JjN2M0YzAiOnsiY3JlYXRlIjoyNDAwMDAwMDAwMDAsImRlbGV0ZSI6MjQwMDAwMDAwMDAwLCJ1cGRhdGUiOjI0MDAwMDAwMDAwMH0sInNjaGVtYV92ZXJzaW9uIjoiMSJ9"
        }
      ]
    },
    {
      "mode": "managed",
      "type": "google_container_cluster",
      "name": "primary1",
      "provider": "provider[\"registry.terraform.io/hashicorp/google\"]",
      "instances": [
        {
          "schema_version": 1,
          "attributes": {
            "addons_config": [
              {
                "cloudrun_config": [],
                "horizontal_pod_autoscaling": [],
                "http_load_balancing": [],
                "network_policy_config": [
                  {
                    "disabled": true
                  }
                ]
              }
            ],
            "authenticator_groups_config": [],
            "cluster_autoscaling": [
              {
                "auto_provisioning_defaults": [],
                "enabled": false,
                "resource_limits": []
              }
            ],
            "cluster_ipv4_cidr": "10.64.0.0/14",
            "database_encryption": [
              {
                "key_name": "",
                "state": "DECRYPTED"
              }
            ],
            "datapath_provider": "",
            "default_max_pods_per_node": null,
            "default_snat_status": [
              {
                "disabled": false
              }
            ],
            "description": "",
            "enable_autopilot": false,
            "enable_binary_authorization": false,
            "enable_intranode_visibility": false,
            "enable_kubernetes_alpha": false,
            "enable_legacy_abac": false,
            "enable_shielded_nodes": true,
            "enable_tpu": false,
            "endpoint": "23.236.51.248",
            "id": "projects/docker-330414/locations/us-central1-a/clusters/marcellus-wallace",
            "initial_node_count": 2,
            "ip_allocation_policy": [],
            "label_fingerprint": "a9dc16a7",
            "location": "us-central1-a",
            "logging_config": [
              {
                "enable_components": [
                  "SYSTEM_COMPONENTS",
                  "WORKLOADS"
                ]
              }
            ],
            "logging_service": "logging.googleapis.com/kubernetes",
            "maintenance_policy": [],
            "master_auth": [
              {
                "client_certificate": "",
                "client_certificate_config": [
                  {
                    "issue_client_certificate": false
                  }
                ],
                "client_key": "",
                "cluster_ca_certificate": "LS0tLS1CRUdJTiBDRVJUSUZJQ0FURS0tLS0tCk1JSUVMRENDQXBTZ0F3SUJBZ0lRY29TOUlCUjMwSmMrN3Z1cDlyQm9mekFOQmdrcWhraUc5dzBCQVFzRkFEQXYKTVMwd0t3WURWUVFERXlSa1lqRTFOR013WXkweE1qbG1MVFF3T1RBdFltVmlOaTAyWWpsaU1XVTNZV0k0WW1JdwpJQmNOTWpFeE1UQTFNVFUwTVRFeFdoZ1BNakExTVRFd01qa3hOalF4TVRGYU1DOHhMVEFyQmdOVkJBTVRKR1JpCk1UVTBZekJqTFRFeU9XWXROREE1TUMxaVpXSTJMVFppT1dJeFpUZGhZamhpWWpDQ0FhSXdEUVlKS29aSWh2Y04KQVFFQkJRQURnZ0dQQURDQ0FZb0NnZ0dCQUtabXpubEwvdWs2UU9hWXd1M1lmRGRSZ2w0cFJwUWFhZWV0RU5HMwpXOUp2MzVDbWdYdnJvWlNFeFA3dUhRazU2MzhlNGgxOUowbGhlcHN4VnNHMkNOOGhCNjl3M3lwaVFNWTBHbUZqCmVVN2xCUjFicndWWnB2OXJVOTNzVmM2T0NzMzZXWXRkVXgzb2FDZ1g0Nk0xQ3VVckFIZkJtTlJXTHJmRkR4OGcKU04zSkJmQmhXNEJzQlcyK0JVSUYrNlV4V2xoQWJudkppSW0zUy8veUhJaUNFWnl3cHEwUzJYa0ZLeUQ5MlRlWQpxb1Nqa3RvRnl4WFpNZ3oybXc5Zi9xK2R3ZDA3SEo2c3V3b2ZRNHF6dUthMmg3ZHpGblVWQVF4YmJwdHhGRXZtCmd6L1V1SGt6MHhMcjBRaW5meHdVWjdtTG15MURSTC9JajBuQkxzMWVwREl1amxjS0tneUMxTWlhZUEvU1UxNGoKelBEa01DUTlDaW90MHAxcGlkczZ1RFZLY09vbjh6c1h4S05mMEI5c3A1djJQSmZ6MGhiaDdmcE4vdnpLVkN5WQpMYWd2Q1E5Nnl0ZHNIOGZxcitQRUdMSlBaQzhZb05TVGVyaDhmR2VQMVprVWhSZlc5alhsMVVzanR5d0FWYjlVCjFQUDBGOXFGUHhkeUhHUGdpMThNcWR4WVFRSURBUUFCbzBJd1FEQU9CZ05WSFE4QkFmOEVCQU1DQWdRd0R3WUQKVlIwVEFRSC9CQVV3QXdFQi96QWRCZ05WSFE0RUZnUVVZVTF4NTJzMXZkZTNOeitaZ1VtYzREUHF6aTB3RFFZSgpLb1pJaHZjTkFRRUxCUUFEZ2dHQkFHUEk3L3RjYTU5KzFVMzIwOWp3RllkbXFIeUVWd2pYam44OTlhTHpyem5lCk9meU96TXRaNnpjNXo2RkxsVUlLMjdBYUQ2N3JIQ25RMUF1NFFta0MrdEJxM2pSMU9NUjhISHZ6Vmd6eHFvQysKUWFPNmE1Q3VxVzNnaktSNXRDWThIUnhlMXI4NnZpaC9HL3cwVmI1YkhLRm5ENGhZd1RkZFQ4bjFjaXJyamk5MQo4a1JLNHRvbUVTTy9zempzci9KZDhOWTlFcitpTGJ5a0ltVlpZQjNlZ3ZWTXBXRjA4clZiU0RVOExNZW8yNkY3CnRCK3hlZEpQNmo1RStGay9zTjdzcjVNOXBhaDFPUHV6V2xRN25VYnYrckExaVozeFhCdVhXTnN6Yll6eEhpVE0KTWxrRWJLZmhMSzFaZVlLTkdYUmdnbkxNTEh6TkVTRnVKcENvdnN4eFl6SDViL1hWQ09lWXRqWE9qUm9PODRaNQoxMG5XdVA5WnRjOEdsaVFnUHhpZXlzYkd2dFl0djNGME9DNkNaZWk4MVk1aWFIRU9lMlhEVjN4TlhNZVpwdm8zCkF1Um9Pem1ERE41ZzROL1Z3VExSZWdBL2tySEJqSE1XeXhNVFk0bEIvVVFKMXMwMDR5TVZaL25RSnJMWmV0ZnAKY3JTNkt6M01vdmdHMzhpcUNIQ2dVUT09Ci0tLS0tRU5EIENFUlRJRklDQVRFLS0tLS0K"
              }
            ],
            "master_authorized_networks_config": [],
            "master_version": "1.20.10-gke.1600",
            "min_master_version": null,
            "monitoring_config": [
              {
                "enable_components": [
                  "SYSTEM_COMPONENTS"
                ]
              }
            ],
            "monitoring_service": "monitoring.googleapis.com/kubernetes",
            "name": "marcellus-wallace",
            "network": "projects/docker-330414/global/networks/default",
            "network_policy": [
              {
                "enabled": false,
                "provider": "PROVIDER_UNSPECIFIED"
              }
            ],
            "networking_mode": "ROUTES",
            "node_config": [
              {
                "disk_size_gb": 20,
                "disk_type": "pd-standard",
                "guest_accelerator": [],
                "image_type": "COS_CONTAINERD",
                "labels": {
                  "foo": "bar"
                },
                "local_ssd_count": 0,
                "machine_type": "g1-small",
                "metadata": {
                  "disable-legacy-endpoints": "true"
                },
                "min_cpu_platform": "",
                "oauth_scopes": [
                  "https://www.googleapis.com/auth/logging.write",
                  "https://www.googleapis.com/auth/monitoring"
                ],
                "preemptible": true,
                "service_account": "default",
                "shielded_instance_config": [
                  {
                    "enable_integrity_monitoring": true,
                    "enable_secure_boot": false
                  }
                ],
                "tags": [
                  "foo",
                  "bar"
                ],
                "taint": [],
                "workload_metadata_config": []
              }
            ],
            "node_locations": [],
            "node_pool": [
              {
                "autoscaling": [],
                "initial_node_count": 2,
                "instance_group_urls": [
                  "https://www.googleapis.com/compute/v1/projects/docker-330414/zones/us-central1-a/instanceGroupManagers/gke-marcellus-wallace-default-pool-6b83dd90-grp"
                ],
                "managed_instance_group_urls": [
                  "https://www.googleapis.com/compute/v1/projects/docker-330414/zones/us-central1-a/instanceGroups/gke-marcellus-wallace-default-pool-6b83dd90-grp"
                ],
                "management": [
                  {
                    "auto_repair": true,
                    "auto_upgrade": true
                  }
                ],
                "max_pods_per_node": 0,
                "name": "default-pool",
                "name_prefix": "",
                "node_config": [
                  {
                    "disk_size_gb": 20,
                    "disk_type": "pd-standard",
                    "guest_accelerator": [],
                    "image_type": "COS_CONTAINERD",
                    "labels": {
                      "foo": "bar"
                    },
                    "local_ssd_count": 0,
                    "machine_type": "g1-small",
                    "metadata": {
                      "disable-legacy-endpoints": "true"
                    },
                    "min_cpu_platform": "",
                    "oauth_scopes": [
                      "https://www.googleapis.com/auth/logging.write",
                      "https://www.googleapis.com/auth/monitoring"
                    ],
                    "preemptible": true,
                    "service_account": "default",
                    "shielded_instance_config": [
                      {
                        "enable_integrity_monitoring": true,
                        "enable_secure_boot": false
                      }
                    ],
                    "tags": [
                      "foo",
                      "bar"
                    ],
                    "taint": [],
                    "workload_metadata_config": []
                  }
                ],
                "node_count": 2,
                "node_locations": [
                  "us-central1-a"
                ],
                "upgrade_settings": [
                  {
                    "max_surge": 1,
                    "max_unavailable": 0
                  }
                ],
                "version": "1.20.10-gke.1600"
              }
            ],
            "node_version": "1.20.10-gke.1600",
            "operation": null,
            "private_cluster_config": [],
            "private_ipv6_google_access": "",
            "project": "docker-330414",
            "release_channel": [
              {
                "channel": "REGULAR"
              }
            ],
            "remove_default_node_pool": null,
            "resource_labels": null,
            "resource_usage_export_config": [],
            "self_link": "https://container.googleapis.com/v1/projects/docker-330414/zones/us-central1-a/clusters/marcellus-wallace",
            "services_ipv4_cidr": "10.67.240.0/20",
            "subnetwork": "projects/docker-330414/regions/us-central1/subnetworks/default",
            "timeouts": {
              "create": "30m",
              "delete": null,
              "read": null,
              "update": "40m"
            },
            "tpu_ipv4_cidr_block": "",
            "vertical_pod_autoscaling": [],
            "workload_identity_config": []
          },
          "sensitive_attributes": [],
          "private": "eyJlMmJmYjczMC1lY2FhLTExZTYtOGY4OC0zNDM2M2JjN2M0YzAiOnsiY3JlYXRlIjoxODAwMDAwMDAwMDAwLCJkZWxldGUiOjI0MDAwMDAwMDAwMDAsInJlYWQiOjI0MDAwMDAwMDAwMDAsInVwZGF0ZSI6MjQwMDAwMDAwMDAwMH0sInNjaGVtYV92ZXJzaW9uIjoiMSJ9"
        }
      ]
    }
  ]
}
